// !$*UTF8*$!
{
	archiveVersion = 1;
	classes = {
	};
	objectVersion = 46;
	objects = {

/* Begin PBXBuildFile section */
		4319B564E6AAD4FC6C286073 /* Pods_SampleAppTests.framework in Frameworks */ = {isa = PBXBuildFile; fileRef = 089D148CB87749666771FA27 /* Pods_SampleAppTests.framework */; };
		60F9AAFEBF0AF88E7CFB4DA2 /* Pods_SampleApp.framework in Frameworks */ = {isa = PBXBuildFile; fileRef = E75070A01909E7C0FE7B9718 /* Pods_SampleApp.framework */; };
		63079C5A12DE7E2787594058 /* Pods_SampleAppUITests.framework in Frameworks */ = {isa = PBXBuildFile; fileRef = 6A90191ACBACAD32F089A23E /* Pods_SampleAppUITests.framework */; };
		C5ED9AA11ED351FE00AF40C7 /* AppDelegate.swift in Sources */ = {isa = PBXBuildFile; fileRef = C5ED9AA01ED351FE00AF40C7 /* AppDelegate.swift */; };
		C5ED9AA31ED351FE00AF40C7 /* ViewController.swift in Sources */ = {isa = PBXBuildFile; fileRef = C5ED9AA21ED351FE00AF40C7 /* ViewController.swift */; };
		C5ED9AA61ED351FE00AF40C7 /* Main.storyboard in Resources */ = {isa = PBXBuildFile; fileRef = C5ED9AA41ED351FE00AF40C7 /* Main.storyboard */; };
		C5ED9AA81ED351FE00AF40C7 /* Assets.xcassets in Resources */ = {isa = PBXBuildFile; fileRef = C5ED9AA71ED351FE00AF40C7 /* Assets.xcassets */; };
		C5ED9AAB1ED351FE00AF40C7 /* LaunchScreen.storyboard in Resources */ = {isa = PBXBuildFile; fileRef = C5ED9AA91ED351FE00AF40C7 /* LaunchScreen.storyboard */; };
		C5ED9AB61ED351FE00AF40C7 /* SampleAppTests.swift in Sources */ = {isa = PBXBuildFile; fileRef = C5ED9AB51ED351FE00AF40C7 /* SampleAppTests.swift */; };
		C5ED9AC11ED351FE00AF40C7 /* SampleAppUITests.swift in Sources */ = {isa = PBXBuildFile; fileRef = C5ED9AC01ED351FE00AF40C7 /* SampleAppUITests.swift */; };
		C5F060B21F1F3F450034FD0E /* TableViewCell.swift in Sources */ = {isa = PBXBuildFile; fileRef = C5F060B01F1F3F450034FD0E /* TableViewCell.swift */; };
		C5F060B31F1F3F450034FD0E /* TableViewCell.xib in Resources */ = {isa = PBXBuildFile; fileRef = C5F060B11F1F3F450034FD0E /* TableViewCell.xib */; };
/* End PBXBuildFile section */

/* Begin PBXContainerItemProxy section */
		C5ED9AB21ED351FE00AF40C7 /* PBXContainerItemProxy */ = {
			isa = PBXContainerItemProxy;
			containerPortal = C5ED9A951ED351FE00AF40C7 /* Project object */;
			proxyType = 1;
			remoteGlobalIDString = C5ED9A9C1ED351FE00AF40C7;
			remoteInfo = SampleApp;
		};
		C5ED9ABD1ED351FE00AF40C7 /* PBXContainerItemProxy */ = {
			isa = PBXContainerItemProxy;
			containerPortal = C5ED9A951ED351FE00AF40C7 /* Project object */;
			proxyType = 1;
			remoteGlobalIDString = C5ED9A9C1ED351FE00AF40C7;
			remoteInfo = SampleApp;
		};
/* End PBXContainerItemProxy section */

/* Begin PBXFileReference section */
		089D148CB87749666771FA27 /* Pods_SampleAppTests.framework */ = {isa = PBXFileReference; explicitFileType = wrapper.framework; includeInIndex = 0; path = Pods_SampleAppTests.framework; sourceTree = BUILT_PRODUCTS_DIR; };
		11C67E900D051A86F362464A /* Pods-SampleApp.release.xcconfig */ = {isa = PBXFileReference; includeInIndex = 1; lastKnownFileType = text.xcconfig; name = "Pods-SampleApp.release.xcconfig"; path = "Pods/Target Support Files/Pods-SampleApp/Pods-SampleApp.release.xcconfig"; sourceTree = "<group>"; };
		2227E78EA8EEAC6F2F601ADD /* Pods-SampleApp.debug.xcconfig */ = {isa = PBXFileReference; includeInIndex = 1; lastKnownFileType = text.xcconfig; name = "Pods-SampleApp.debug.xcconfig"; path = "Pods/Target Support Files/Pods-SampleApp/Pods-SampleApp.debug.xcconfig"; sourceTree = "<group>"; };
		3099B75C2CA1776CE6773BA0 /* Pods-SampleAppUITests.release.xcconfig */ = {isa = PBXFileReference; includeInIndex = 1; lastKnownFileType = text.xcconfig; name = "Pods-SampleAppUITests.release.xcconfig"; path = "Pods/Target Support Files/Pods-SampleAppUITests/Pods-SampleAppUITests.release.xcconfig"; sourceTree = "<group>"; };
		513D2A3ACA81E6786D76286F /* Pods-SampleAppUITests.debug.xcconfig */ = {isa = PBXFileReference; includeInIndex = 1; lastKnownFileType = text.xcconfig; name = "Pods-SampleAppUITests.debug.xcconfig"; path = "Pods/Target Support Files/Pods-SampleAppUITests/Pods-SampleAppUITests.debug.xcconfig"; sourceTree = "<group>"; };
		6A90191ACBACAD32F089A23E /* Pods_SampleAppUITests.framework */ = {isa = PBXFileReference; explicitFileType = wrapper.framework; includeInIndex = 0; path = Pods_SampleAppUITests.framework; sourceTree = BUILT_PRODUCTS_DIR; };
		C5ED9A9D1ED351FE00AF40C7 /* SampleApp.app */ = {isa = PBXFileReference; explicitFileType = wrapper.application; includeInIndex = 0; path = SampleApp.app; sourceTree = BUILT_PRODUCTS_DIR; };
		C5ED9AA01ED351FE00AF40C7 /* AppDelegate.swift */ = {isa = PBXFileReference; lastKnownFileType = sourcecode.swift; path = AppDelegate.swift; sourceTree = "<group>"; };
		C5ED9AA21ED351FE00AF40C7 /* ViewController.swift */ = {isa = PBXFileReference; lastKnownFileType = sourcecode.swift; path = ViewController.swift; sourceTree = "<group>"; };
		C5ED9AA51ED351FE00AF40C7 /* Base */ = {isa = PBXFileReference; lastKnownFileType = file.storyboard; name = Base; path = Base.lproj/Main.storyboard; sourceTree = "<group>"; };
		C5ED9AA71ED351FE00AF40C7 /* Assets.xcassets */ = {isa = PBXFileReference; lastKnownFileType = folder.assetcatalog; path = Assets.xcassets; sourceTree = "<group>"; };
		C5ED9AAA1ED351FE00AF40C7 /* Base */ = {isa = PBXFileReference; lastKnownFileType = file.storyboard; name = Base; path = Base.lproj/LaunchScreen.storyboard; sourceTree = "<group>"; };
		C5ED9AAC1ED351FE00AF40C7 /* Info.plist */ = {isa = PBXFileReference; lastKnownFileType = text.plist.xml; path = Info.plist; sourceTree = "<group>"; };
		C5ED9AB11ED351FE00AF40C7 /* SampleAppTests.xctest */ = {isa = PBXFileReference; explicitFileType = wrapper.cfbundle; includeInIndex = 0; path = SampleAppTests.xctest; sourceTree = BUILT_PRODUCTS_DIR; };
		C5ED9AB51ED351FE00AF40C7 /* SampleAppTests.swift */ = {isa = PBXFileReference; lastKnownFileType = sourcecode.swift; path = SampleAppTests.swift; sourceTree = "<group>"; };
		C5ED9AB71ED351FE00AF40C7 /* Info.plist */ = {isa = PBXFileReference; lastKnownFileType = text.plist.xml; path = Info.plist; sourceTree = "<group>"; };
		C5ED9ABC1ED351FE00AF40C7 /* SampleAppUITests.xctest */ = {isa = PBXFileReference; explicitFileType = wrapper.cfbundle; includeInIndex = 0; path = SampleAppUITests.xctest; sourceTree = BUILT_PRODUCTS_DIR; };
		C5ED9AC01ED351FE00AF40C7 /* SampleAppUITests.swift */ = {isa = PBXFileReference; lastKnownFileType = sourcecode.swift; path = SampleAppUITests.swift; sourceTree = "<group>"; };
		C5ED9AC21ED351FE00AF40C7 /* Info.plist */ = {isa = PBXFileReference; lastKnownFileType = text.plist.xml; path = Info.plist; sourceTree = "<group>"; };
		C5F060B01F1F3F450034FD0E /* TableViewCell.swift */ = {isa = PBXFileReference; fileEncoding = 4; lastKnownFileType = sourcecode.swift; path = TableViewCell.swift; sourceTree = "<group>"; };
		C5F060B11F1F3F450034FD0E /* TableViewCell.xib */ = {isa = PBXFileReference; fileEncoding = 4; lastKnownFileType = file.xib; path = TableViewCell.xib; sourceTree = "<group>"; };
		D5A5B808AAC9F0A255DDC979 /* Pods-SampleAppTests.debug.xcconfig */ = {isa = PBXFileReference; includeInIndex = 1; lastKnownFileType = text.xcconfig; name = "Pods-SampleAppTests.debug.xcconfig"; path = "Pods/Target Support Files/Pods-SampleAppTests/Pods-SampleAppTests.debug.xcconfig"; sourceTree = "<group>"; };
		E5EA2892DAB3712108E8B0F8 /* Pods-SampleAppTests.release.xcconfig */ = {isa = PBXFileReference; includeInIndex = 1; lastKnownFileType = text.xcconfig; name = "Pods-SampleAppTests.release.xcconfig"; path = "Pods/Target Support Files/Pods-SampleAppTests/Pods-SampleAppTests.release.xcconfig"; sourceTree = "<group>"; };
		E75070A01909E7C0FE7B9718 /* Pods_SampleApp.framework */ = {isa = PBXFileReference; explicitFileType = wrapper.framework; includeInIndex = 0; path = Pods_SampleApp.framework; sourceTree = BUILT_PRODUCTS_DIR; };
/* End PBXFileReference section */

/* Begin PBXFrameworksBuildPhase section */
		C5ED9A9A1ED351FE00AF40C7 /* Frameworks */ = {
			isa = PBXFrameworksBuildPhase;
			buildActionMask = 2147483647;
			files = (
				60F9AAFEBF0AF88E7CFB4DA2 /* Pods_SampleApp.framework in Frameworks */,
			);
			runOnlyForDeploymentPostprocessing = 0;
		};
		C5ED9AAE1ED351FE00AF40C7 /* Frameworks */ = {
			isa = PBXFrameworksBuildPhase;
			buildActionMask = 2147483647;
			files = (
				4319B564E6AAD4FC6C286073 /* Pods_SampleAppTests.framework in Frameworks */,
			);
			runOnlyForDeploymentPostprocessing = 0;
		};
		C5ED9AB91ED351FE00AF40C7 /* Frameworks */ = {
			isa = PBXFrameworksBuildPhase;
			buildActionMask = 2147483647;
			files = (
				63079C5A12DE7E2787594058 /* Pods_SampleAppUITests.framework in Frameworks */,
			);
			runOnlyForDeploymentPostprocessing = 0;
		};
/* End PBXFrameworksBuildPhase section */

/* Begin PBXGroup section */
		A428DCA59BBDD0DF93CAB278 /* Pods */ = {
			isa = PBXGroup;
			children = (
				2227E78EA8EEAC6F2F601ADD /* Pods-SampleApp.debug.xcconfig */,
				11C67E900D051A86F362464A /* Pods-SampleApp.release.xcconfig */,
				D5A5B808AAC9F0A255DDC979 /* Pods-SampleAppTests.debug.xcconfig */,
				E5EA2892DAB3712108E8B0F8 /* Pods-SampleAppTests.release.xcconfig */,
				513D2A3ACA81E6786D76286F /* Pods-SampleAppUITests.debug.xcconfig */,
				3099B75C2CA1776CE6773BA0 /* Pods-SampleAppUITests.release.xcconfig */,
			);
			name = Pods;
			sourceTree = "<group>";
		};
		C3307F63506F941324452A8F /* Frameworks */ = {
			isa = PBXGroup;
			children = (
				E75070A01909E7C0FE7B9718 /* Pods_SampleApp.framework */,
				089D148CB87749666771FA27 /* Pods_SampleAppTests.framework */,
				6A90191ACBACAD32F089A23E /* Pods_SampleAppUITests.framework */,
			);
			name = Frameworks;
			sourceTree = "<group>";
		};
		C5ED9A941ED351FE00AF40C7 = {
			isa = PBXGroup;
			children = (
				C5ED9A9F1ED351FE00AF40C7 /* SampleApp */,
				C5ED9AB41ED351FE00AF40C7 /* SampleAppTests */,
				C5ED9ABF1ED351FE00AF40C7 /* SampleAppUITests */,
				C5ED9A9E1ED351FE00AF40C7 /* Products */,
				A428DCA59BBDD0DF93CAB278 /* Pods */,
				C3307F63506F941324452A8F /* Frameworks */,
			);
			sourceTree = "<group>";
		};
		C5ED9A9E1ED351FE00AF40C7 /* Products */ = {
			isa = PBXGroup;
			children = (
				C5ED9A9D1ED351FE00AF40C7 /* SampleApp.app */,
				C5ED9AB11ED351FE00AF40C7 /* SampleAppTests.xctest */,
				C5ED9ABC1ED351FE00AF40C7 /* SampleAppUITests.xctest */,
			);
			name = Products;
			sourceTree = "<group>";
		};
		C5ED9A9F1ED351FE00AF40C7 /* SampleApp */ = {
			isa = PBXGroup;
			children = (
				C5ED9AA01ED351FE00AF40C7 /* AppDelegate.swift */,
				C5ED9AA21ED351FE00AF40C7 /* ViewController.swift */,
				C5F060B01F1F3F450034FD0E /* TableViewCell.swift */,
				C5F060B11F1F3F450034FD0E /* TableViewCell.xib */,
				C5ED9AA41ED351FE00AF40C7 /* Main.storyboard */,
				C5ED9AA71ED351FE00AF40C7 /* Assets.xcassets */,
				C5ED9AA91ED351FE00AF40C7 /* LaunchScreen.storyboard */,
				C5ED9AAC1ED351FE00AF40C7 /* Info.plist */,
			);
			path = SampleApp;
			sourceTree = "<group>";
		};
		C5ED9AB41ED351FE00AF40C7 /* SampleAppTests */ = {
			isa = PBXGroup;
			children = (
				C5ED9AB51ED351FE00AF40C7 /* SampleAppTests.swift */,
				C5ED9AB71ED351FE00AF40C7 /* Info.plist */,
			);
			path = SampleAppTests;
			sourceTree = "<group>";
		};
		C5ED9ABF1ED351FE00AF40C7 /* SampleAppUITests */ = {
			isa = PBXGroup;
			children = (
				C5ED9AC01ED351FE00AF40C7 /* SampleAppUITests.swift */,
				C5ED9AC21ED351FE00AF40C7 /* Info.plist */,
			);
			path = SampleAppUITests;
			sourceTree = "<group>";
		};
/* End PBXGroup section */

/* Begin PBXNativeTarget section */
		C5ED9A9C1ED351FE00AF40C7 /* SampleApp */ = {
			isa = PBXNativeTarget;
			buildConfigurationList = C5ED9AC51ED351FE00AF40C7 /* Build configuration list for PBXNativeTarget "SampleApp" */;
			buildPhases = (
				42CE91F38F02E5CD0ADC6496 /* [CP] Check Pods Manifest.lock */,
				C5ED9A991ED351FE00AF40C7 /* Sources */,
				C5ED9A9A1ED351FE00AF40C7 /* Frameworks */,
				C5ED9A9B1ED351FE00AF40C7 /* Resources */,
				6BF054C50821E7A701CC0D09 /* [CP] Embed Pods Frameworks */,
				CB26B8DD5F1BE7B153DE66A8 /* [CP] Copy Pods Resources */,
			);
			buildRules = (
			);
			dependencies = (
			);
			name = SampleApp;
			productName = SampleApp;
			productReference = C5ED9A9D1ED351FE00AF40C7 /* SampleApp.app */;
			productType = "com.apple.product-type.application";
		};
		C5ED9AB01ED351FE00AF40C7 /* SampleAppTests */ = {
			isa = PBXNativeTarget;
			buildConfigurationList = C5ED9AC81ED351FE00AF40C7 /* Build configuration list for PBXNativeTarget "SampleAppTests" */;
			buildPhases = (
				0415FC5DB77D20CEA269668F /* [CP] Check Pods Manifest.lock */,
				C5ED9AAD1ED351FE00AF40C7 /* Sources */,
				C5ED9AAE1ED351FE00AF40C7 /* Frameworks */,
				C5ED9AAF1ED351FE00AF40C7 /* Resources */,
				2DA359F96323D3CC0A9D8676 /* [CP] Embed Pods Frameworks */,
				EAF52B9EE2A703540DE04064 /* [CP] Copy Pods Resources */,
			);
			buildRules = (
			);
			dependencies = (
				C5ED9AB31ED351FE00AF40C7 /* PBXTargetDependency */,
			);
			name = SampleAppTests;
			productName = SampleAppTests;
			productReference = C5ED9AB11ED351FE00AF40C7 /* SampleAppTests.xctest */;
			productType = "com.apple.product-type.bundle.unit-test";
		};
		C5ED9ABB1ED351FE00AF40C7 /* SampleAppUITests */ = {
			isa = PBXNativeTarget;
			buildConfigurationList = C5ED9ACB1ED351FE00AF40C7 /* Build configuration list for PBXNativeTarget "SampleAppUITests" */;
			buildPhases = (
				AE683F4F0A98155E549F2F5B /* [CP] Check Pods Manifest.lock */,
				C5ED9AB81ED351FE00AF40C7 /* Sources */,
				C5ED9AB91ED351FE00AF40C7 /* Frameworks */,
				C5ED9ABA1ED351FE00AF40C7 /* Resources */,
				18271337C16A8D7DBA103246 /* [CP] Embed Pods Frameworks */,
				A4307AACECBAB209760B40F4 /* [CP] Copy Pods Resources */,
			);
			buildRules = (
			);
			dependencies = (
				C5ED9ABE1ED351FE00AF40C7 /* PBXTargetDependency */,
			);
			name = SampleAppUITests;
			productName = SampleAppUITests;
			productReference = C5ED9ABC1ED351FE00AF40C7 /* SampleAppUITests.xctest */;
			productType = "com.apple.product-type.bundle.ui-testing";
		};
/* End PBXNativeTarget section */

/* Begin PBXProject section */
		C5ED9A951ED351FE00AF40C7 /* Project object */ = {
			isa = PBXProject;
			attributes = {
				LastSwiftUpdateCheck = 0820;
				LastUpgradeCheck = 0820;
				ORGANIZATIONNAME = sample;
				TargetAttributes = {
					C5ED9A9C1ED351FE00AF40C7 = {
						CreatedOnToolsVersion = 8.2.1;
						ProvisioningStyle = Automatic;
					};
					C5ED9AB01ED351FE00AF40C7 = {
						CreatedOnToolsVersion = 8.2.1;
						ProvisioningStyle = Automatic;
						TestTargetID = C5ED9A9C1ED351FE00AF40C7;
					};
					C5ED9ABB1ED351FE00AF40C7 = {
						CreatedOnToolsVersion = 8.2.1;
						ProvisioningStyle = Automatic;
						TestTargetID = C5ED9A9C1ED351FE00AF40C7;
					};
				};
			};
			buildConfigurationList = C5ED9A981ED351FE00AF40C7 /* Build configuration list for PBXProject "SampleApp" */;
			compatibilityVersion = "Xcode 3.2";
			developmentRegion = English;
			hasScannedForEncodings = 0;
			knownRegions = (
				en,
				Base,
			);
			mainGroup = C5ED9A941ED351FE00AF40C7;
			productRefGroup = C5ED9A9E1ED351FE00AF40C7 /* Products */;
			projectDirPath = "";
			projectRoot = "";
			targets = (
				C5ED9A9C1ED351FE00AF40C7 /* SampleApp */,
				C5ED9AB01ED351FE00AF40C7 /* SampleAppTests */,
				C5ED9ABB1ED351FE00AF40C7 /* SampleAppUITests */,
			);
		};
/* End PBXProject section */

/* Begin PBXResourcesBuildPhase section */
		C5ED9A9B1ED351FE00AF40C7 /* Resources */ = {
			isa = PBXResourcesBuildPhase;
			buildActionMask = 2147483647;
			files = (
				C5ED9AAB1ED351FE00AF40C7 /* LaunchScreen.storyboard in Resources */,
				C5F060B31F1F3F450034FD0E /* TableViewCell.xib in Resources */,
				C5ED9AA81ED351FE00AF40C7 /* Assets.xcassets in Resources */,
				C5ED9AA61ED351FE00AF40C7 /* Main.storyboard in Resources */,
			);
			runOnlyForDeploymentPostprocessing = 0;
		};
		C5ED9AAF1ED351FE00AF40C7 /* Resources */ = {
			isa = PBXResourcesBuildPhase;
			buildActionMask = 2147483647;
			files = (
			);
			runOnlyForDeploymentPostprocessing = 0;
		};
		C5ED9ABA1ED351FE00AF40C7 /* Resources */ = {
			isa = PBXResourcesBuildPhase;
			buildActionMask = 2147483647;
			files = (
			);
			runOnlyForDeploymentPostprocessing = 0;
		};
/* End PBXResourcesBuildPhase section */

/* Begin PBXShellScriptBuildPhase section */
		0415FC5DB77D20CEA269668F /* [CP] Check Pods Manifest.lock */ = {
			isa = PBXShellScriptBuildPhase;
			buildActionMask = 2147483647;
			files = (
			);
			inputPaths = (
				"${PODS_PODFILE_DIR_PATH}/Podfile.lock",
				"${PODS_ROOT}/Manifest.lock",
			);
			name = "[CP] Check Pods Manifest.lock";
			outputPaths = (
				"$(DERIVED_FILE_DIR)/Pods-SampleAppTests-checkManifestLockResult.txt",
			);
			runOnlyForDeploymentPostprocessing = 0;
			shellPath = /bin/sh;
			shellScript = "diff \"${PODS_PODFILE_DIR_PATH}/Podfile.lock\" \"${PODS_ROOT}/Manifest.lock\" > /dev/null\nif [ $? != 0 ] ; then\n    # print error to STDERR\n    echo \"error: The sandbox is not in sync with the Podfile.lock. Run 'pod install' or update your CocoaPods installation.\" >&2\n    exit 1\nfi\n# This output is used by Xcode 'outputs' to avoid re-running this script phase.\necho \"SUCCESS\" > \"${SCRIPT_OUTPUT_FILE_0}\"\n";
			showEnvVarsInLog = 0;
		};
		18271337C16A8D7DBA103246 /* [CP] Embed Pods Frameworks */ = {
			isa = PBXShellScriptBuildPhase;
			buildActionMask = 2147483647;
			files = (
			);
			inputPaths = (
			);
			name = "[CP] Embed Pods Frameworks";
			outputPaths = (
			);
			runOnlyForDeploymentPostprocessing = 0;
			shellPath = /bin/sh;
			shellScript = "\"${SRCROOT}/Pods/Target Support Files/Pods-SampleAppUITests/Pods-SampleAppUITests-frameworks.sh\"\n";
			showEnvVarsInLog = 0;
		};
		2DA359F96323D3CC0A9D8676 /* [CP] Embed Pods Frameworks */ = {
			isa = PBXShellScriptBuildPhase;
			buildActionMask = 2147483647;
			files = (
			);
			inputPaths = (
			);
			name = "[CP] Embed Pods Frameworks";
			outputPaths = (
			);
			runOnlyForDeploymentPostprocessing = 0;
			shellPath = /bin/sh;
			shellScript = "\"${SRCROOT}/Pods/Target Support Files/Pods-SampleAppTests/Pods-SampleAppTests-frameworks.sh\"\n";
			showEnvVarsInLog = 0;
		};
		42CE91F38F02E5CD0ADC6496 /* [CP] Check Pods Manifest.lock */ = {
			isa = PBXShellScriptBuildPhase;
			buildActionMask = 2147483647;
			files = (
			);
			inputPaths = (
				"${PODS_PODFILE_DIR_PATH}/Podfile.lock",
				"${PODS_ROOT}/Manifest.lock",
			);
			name = "[CP] Check Pods Manifest.lock";
			outputPaths = (
				"$(DERIVED_FILE_DIR)/Pods-SampleApp-checkManifestLockResult.txt",
			);
			runOnlyForDeploymentPostprocessing = 0;
			shellPath = /bin/sh;
			shellScript = "diff \"${PODS_PODFILE_DIR_PATH}/Podfile.lock\" \"${PODS_ROOT}/Manifest.lock\" > /dev/null\nif [ $? != 0 ] ; then\n    # print error to STDERR\n    echo \"error: The sandbox is not in sync with the Podfile.lock. Run 'pod install' or update your CocoaPods installation.\" >&2\n    exit 1\nfi\n# This output is used by Xcode 'outputs' to avoid re-running this script phase.\necho \"SUCCESS\" > \"${SCRIPT_OUTPUT_FILE_0}\"\n";
			showEnvVarsInLog = 0;
		};
		6BF054C50821E7A701CC0D09 /* [CP] Embed Pods Frameworks */ = {
			isa = PBXShellScriptBuildPhase;
			buildActionMask = 2147483647;
			files = (
			);
			inputPaths = (
				"${SRCROOT}/Pods/Target Support Files/Pods-SampleApp/Pods-SampleApp-frameworks.sh",
				"${BUILT_PRODUCTS_DIR}/RxCocoa/RxCocoa.framework",
				"${BUILT_PRODUCTS_DIR}/RxSwift/RxSwift.framework",
				"${BUILT_PRODUCTS_DIR}/SDWebImage/SDWebImage.framework",
			);
			name = "[CP] Embed Pods Frameworks";
			outputPaths = (
				"${TARGET_BUILD_DIR}/${FRAMEWORKS_FOLDER_PATH}/RxCocoa.framework",
				"${TARGET_BUILD_DIR}/${FRAMEWORKS_FOLDER_PATH}/RxSwift.framework",
				"${TARGET_BUILD_DIR}/${FRAMEWORKS_FOLDER_PATH}/SDWebImage.framework",
			);
			runOnlyForDeploymentPostprocessing = 0;
			shellPath = /bin/sh;
			shellScript = "\"${SRCROOT}/Pods/Target Support Files/Pods-SampleApp/Pods-SampleApp-frameworks.sh\"\n";
			showEnvVarsInLog = 0;
		};
		A4307AACECBAB209760B40F4 /* [CP] Copy Pods Resources */ = {
			isa = PBXShellScriptBuildPhase;
			buildActionMask = 2147483647;
			files = (
			);
			inputPaths = (
			);
			name = "[CP] Copy Pods Resources";
			outputPaths = (
			);
			runOnlyForDeploymentPostprocessing = 0;
			shellPath = /bin/sh;
			shellScript = "\"${SRCROOT}/Pods/Target Support Files/Pods-SampleAppUITests/Pods-SampleAppUITests-resources.sh\"\n";
			showEnvVarsInLog = 0;
		};
		AE683F4F0A98155E549F2F5B /* [CP] Check Pods Manifest.lock */ = {
			isa = PBXShellScriptBuildPhase;
			buildActionMask = 2147483647;
			files = (
			);
			inputPaths = (
				"${PODS_PODFILE_DIR_PATH}/Podfile.lock",
				"${PODS_ROOT}/Manifest.lock",
			);
			name = "[CP] Check Pods Manifest.lock";
			outputPaths = (
				"$(DERIVED_FILE_DIR)/Pods-SampleAppUITests-checkManifestLockResult.txt",
			);
			runOnlyForDeploymentPostprocessing = 0;
			shellPath = /bin/sh;
			shellScript = "diff \"${PODS_PODFILE_DIR_PATH}/Podfile.lock\" \"${PODS_ROOT}/Manifest.lock\" > /dev/null\nif [ $? != 0 ] ; then\n    # print error to STDERR\n    echo \"error: The sandbox is not in sync with the Podfile.lock. Run 'pod install' or update your CocoaPods installation.\" >&2\n    exit 1\nfi\n# This output is used by Xcode 'outputs' to avoid re-running this script phase.\necho \"SUCCESS\" > \"${SCRIPT_OUTPUT_FILE_0}\"\n";
			showEnvVarsInLog = 0;
		};
		CB26B8DD5F1BE7B153DE66A8 /* [CP] Copy Pods Resources */ = {
			isa = PBXShellScriptBuildPhase;
			buildActionMask = 2147483647;
			files = (
			);
			inputPaths = (
			);
			name = "[CP] Copy Pods Resources";
			outputPaths = (
			);
			runOnlyForDeploymentPostprocessing = 0;
			shellPath = /bin/sh;
			shellScript = "\"${SRCROOT}/Pods/Target Support Files/Pods-SampleApp/Pods-SampleApp-resources.sh\"\n";
			showEnvVarsInLog = 0;
		};
		EAF52B9EE2A703540DE04064 /* [CP] Copy Pods Resources */ = {
			isa = PBXShellScriptBuildPhase;
			buildActionMask = 2147483647;
			files = (
			);
			inputPaths = (
			);
			name = "[CP] Copy Pods Resources";
			outputPaths = (
			);
			runOnlyForDeploymentPostprocessing = 0;
			shellPath = /bin/sh;
			shellScript = "\"${SRCROOT}/Pods/Target Support Files/Pods-SampleAppTests/Pods-SampleAppTests-resources.sh\"\n";
			showEnvVarsInLog = 0;
		};
/* End PBXShellScriptBuildPhase section */

/* Begin PBXSourcesBuildPhase section */
		C5ED9A991ED351FE00AF40C7 /* Sources */ = {
			isa = PBXSourcesBuildPhase;
			buildActionMask = 2147483647;
			files = (
				C5F060B21F1F3F450034FD0E /* TableViewCell.swift in Sources */,
				C5ED9AA31ED351FE00AF40C7 /* ViewController.swift in Sources */,
				C5ED9AA11ED351FE00AF40C7 /* AppDelegate.swift in Sources */,
			);
			runOnlyForDeploymentPostprocessing = 0;
		};
		C5ED9AAD1ED351FE00AF40C7 /* Sources */ = {
			isa = PBXSourcesBuildPhase;
			buildActionMask = 2147483647;
			files = (
				C5ED9AB61ED351FE00AF40C7 /* SampleAppTests.swift in Sources */,
			);
			runOnlyForDeploymentPostprocessing = 0;
		};
		C5ED9AB81ED351FE00AF40C7 /* Sources */ = {
			isa = PBXSourcesBuildPhase;
			buildActionMask = 2147483647;
			files = (
				C5ED9AC11ED351FE00AF40C7 /* SampleAppUITests.swift in Sources */,
			);
			runOnlyForDeploymentPostprocessing = 0;
		};
/* End PBXSourcesBuildPhase section */

/* Begin PBXTargetDependency section */
		C5ED9AB31ED351FE00AF40C7 /* PBXTargetDependency */ = {
			isa = PBXTargetDependency;
			target = C5ED9A9C1ED351FE00AF40C7 /* SampleApp */;
			targetProxy = C5ED9AB21ED351FE00AF40C7 /* PBXContainerItemProxy */;
		};
		C5ED9ABE1ED351FE00AF40C7 /* PBXTargetDependency */ = {
			isa = PBXTargetDependency;
			target = C5ED9A9C1ED351FE00AF40C7 /* SampleApp */;
			targetProxy = C5ED9ABD1ED351FE00AF40C7 /* PBXContainerItemProxy */;
		};
/* End PBXTargetDependency section */

/* Begin PBXVariantGroup section */
		C5ED9AA41ED351FE00AF40C7 /* Main.storyboard */ = {
			isa = PBXVariantGroup;
			children = (
				C5ED9AA51ED351FE00AF40C7 /* Base */,
			);
			name = Main.storyboard;
			sourceTree = "<group>";
		};
		C5ED9AA91ED351FE00AF40C7 /* LaunchScreen.storyboard */ = {
			isa = PBXVariantGroup;
			children = (
				C5ED9AAA1ED351FE00AF40C7 /* Base */,
			);
			name = LaunchScreen.storyboard;
			sourceTree = "<group>";
		};
/* End PBXVariantGroup section */

/* Begin XCBuildConfiguration section */
		C5ED9AC31ED351FE00AF40C7 /* Debug */ = {
			isa = XCBuildConfiguration;
			buildSettings = {
				ALWAYS_SEARCH_USER_PATHS = NO;
				CLANG_ANALYZER_NONNULL = YES;
				CLANG_CXX_LANGUAGE_STANDARD = "gnu++0x";
				CLANG_CXX_LIBRARY = "libc++";
				CLANG_ENABLE_MODULES = YES;
				CLANG_ENABLE_OBJC_ARC = YES;
				CLANG_WARN_BOOL_CONVERSION = YES;
				CLANG_WARN_CONSTANT_CONVERSION = YES;
				CLANG_WARN_DIRECT_OBJC_ISA_USAGE = YES_ERROR;
				CLANG_WARN_DOCUMENTATION_COMMENTS = YES;
				CLANG_WARN_EMPTY_BODY = YES;
				CLANG_WARN_ENUM_CONVERSION = YES;
				CLANG_WARN_INFINITE_RECURSION = YES;
				CLANG_WARN_INT_CONVERSION = YES;
				CLANG_WARN_OBJC_ROOT_CLASS = YES_ERROR;
				CLANG_WARN_SUSPICIOUS_MOVE = YES;
				CLANG_WARN_UNREACHABLE_CODE = YES;
				CLANG_WARN__DUPLICATE_METHOD_MATCH = YES;
				"CODE_SIGN_IDENTITY[sdk=iphoneos*]" = "iPhone Developer";
				COPY_PHASE_STRIP = NO;
				DEBUG_INFORMATION_FORMAT = dwarf;
				ENABLE_STRICT_OBJC_MSGSEND = YES;
				ENABLE_TESTABILITY = YES;
				GCC_C_LANGUAGE_STANDARD = gnu99;
				GCC_DYNAMIC_NO_PIC = NO;
				GCC_NO_COMMON_BLOCKS = YES;
				GCC_OPTIMIZATION_LEVEL = 0;
				GCC_PREPROCESSOR_DEFINITIONS = (
					"DEBUG=1",
					"$(inherited)",
				);
				GCC_WARN_64_TO_32_BIT_CONVERSION = YES;
				GCC_WARN_ABOUT_RETURN_TYPE = YES_ERROR;
				GCC_WARN_UNDECLARED_SELECTOR = YES;
				GCC_WARN_UNINITIALIZED_AUTOS = YES_AGGRESSIVE;
				GCC_WARN_UNUSED_FUNCTION = YES;
				GCC_WARN_UNUSED_VARIABLE = YES;
				IPHONEOS_DEPLOYMENT_TARGET = 10.2;
				MTL_ENABLE_DEBUG_INFO = YES;
				ONLY_ACTIVE_ARCH = YES;
				SDKROOT = iphoneos;
				SWIFT_ACTIVE_COMPILATION_CONDITIONS = DEBUG;
				SWIFT_OPTIMIZATION_LEVEL = "-Onone";
				TARGETED_DEVICE_FAMILY = "1,2";
			};
			name = Debug;
		};
		C5ED9AC41ED351FE00AF40C7 /* Release */ = {
			isa = XCBuildConfiguration;
			buildSettings = {
				ALWAYS_SEARCH_USER_PATHS = NO;
				CLANG_ANALYZER_NONNULL = YES;
				CLANG_CXX_LANGUAGE_STANDARD = "gnu++0x";
				CLANG_CXX_LIBRARY = "libc++";
				CLANG_ENABLE_MODULES = YES;
				CLANG_ENABLE_OBJC_ARC = YES;
				CLANG_WARN_BOOL_CONVERSION = YES;
				CLANG_WARN_CONSTANT_CONVERSION = YES;
				CLANG_WARN_DIRECT_OBJC_ISA_USAGE = YES_ERROR;
				CLANG_WARN_DOCUMENTATION_COMMENTS = YES;
				CLANG_WARN_EMPTY_BODY = YES;
				CLANG_WARN_ENUM_CONVERSION = YES;
				CLANG_WARN_INFINITE_RECURSION = YES;
				CLANG_WARN_INT_CONVERSION = YES;
				CLANG_WARN_OBJC_ROOT_CLASS = YES_ERROR;
				CLANG_WARN_SUSPICIOUS_MOVE = YES;
				CLANG_WARN_UNREACHABLE_CODE = YES;
				CLANG_WARN__DUPLICATE_METHOD_MATCH = YES;
				"CODE_SIGN_IDENTITY[sdk=iphoneos*]" = "iPhone Developer";
				COPY_PHASE_STRIP = NO;
				DEBUG_INFORMATION_FORMAT = "dwarf-with-dsym";
				ENABLE_NS_ASSERTIONS = NO;
				ENABLE_STRICT_OBJC_MSGSEND = YES;
				GCC_C_LANGUAGE_STANDARD = gnu99;
				GCC_NO_COMMON_BLOCKS = YES;
				GCC_WARN_64_TO_32_BIT_CONVERSION = YES;
				GCC_WARN_ABOUT_RETURN_TYPE = YES_ERROR;
				GCC_WARN_UNDECLARED_SELECTOR = YES;
				GCC_WARN_UNINITIALIZED_AUTOS = YES_AGGRESSIVE;
				GCC_WARN_UNUSED_FUNCTION = YES;
				GCC_WARN_UNUSED_VARIABLE = YES;
				IPHONEOS_DEPLOYMENT_TARGET = 10.2;
				MTL_ENABLE_DEBUG_INFO = NO;
				SDKROOT = iphoneos;
				SWIFT_OPTIMIZATION_LEVEL = "-Owholemodule";
				TARGETED_DEVICE_FAMILY = "1,2";
				VALIDATE_PRODUCT = YES;
			};
			name = Release;
		};
		C5ED9AC61ED351FE00AF40C7 /* Debug */ = {
			isa = XCBuildConfiguration;
			baseConfigurationReference = 2227E78EA8EEAC6F2F601ADD /* Pods-SampleApp.debug.xcconfig */;
			buildSettings = {
				ASSETCATALOG_COMPILER_APPICON_NAME = AppIcon;
				INFOPLIST_FILE = SampleApp/Info.plist;
				LD_RUNPATH_SEARCH_PATHS = "$(inherited) @executable_path/Frameworks";
				PRODUCT_BUNDLE_IDENTIFIER = com.fukatsu.SampleApp;
				PRODUCT_NAME = "$(TARGET_NAME)";
				SWIFT_VERSION = 3.0;
			};
			name = Debug;
		};
		C5ED9AC71ED351FE00AF40C7 /* Release */ = {
			isa = XCBuildConfiguration;
			baseConfigurationReference = 11C67E900D051A86F362464A /* Pods-SampleApp.release.xcconfig */;
			buildSettings = {
				ASSETCATALOG_COMPILER_APPICON_NAME = AppIcon;
				INFOPLIST_FILE = SampleApp/Info.plist;
				LD_RUNPATH_SEARCH_PATHS = "$(inherited) @executable_path/Frameworks";
				PRODUCT_BUNDLE_IDENTIFIER = com.fukatsu.SampleApp;
				PRODUCT_NAME = "$(TARGET_NAME)";
				SWIFT_VERSION = 3.0;
			};
			name = Release;
		};
		C5ED9AC91ED351FE00AF40C7 /* Debug */ = {
			isa = XCBuildConfiguration;
			baseConfigurationReference = D5A5B808AAC9F0A255DDC979 /* Pods-SampleAppTests.debug.xcconfig */;
			buildSettings = {
				ALWAYS_EMBED_SWIFT_STANDARD_LIBRARIES = YES;
				BUNDLE_LOADER = "$(TEST_HOST)";
				INFOPLIST_FILE = SampleAppTests/Info.plist;
				LD_RUNPATH_SEARCH_PATHS = "$(inherited) @executable_path/Frameworks @loader_path/Frameworks";
				PRODUCT_BUNDLE_IDENTIFIER = com.fukatsu.SampleAppTests;
				PRODUCT_NAME = "$(TARGET_NAME)";
				SWIFT_VERSION = 3.0;
				TEST_HOST = "$(BUILT_PRODUCTS_DIR)/SampleApp.app/SampleApp";
			};
			name = Debug;
		};
		C5ED9ACA1ED351FE00AF40C7 /* Release */ = {
			isa = XCBuildConfiguration;
			baseConfigurationReference = E5EA2892DAB3712108E8B0F8 /* Pods-SampleAppTests.release.xcconfig */;
			buildSettings = {
				ALWAYS_EMBED_SWIFT_STANDARD_LIBRARIES = YES;
				BUNDLE_LOADER = "$(TEST_HOST)";
				INFOPLIST_FILE = SampleAppTests/Info.plist;
				LD_RUNPATH_SEARCH_PATHS = "$(inherited) @executable_path/Frameworks @loader_path/Frameworks";
				PRODUCT_BUNDLE_IDENTIFIER = com.fukatsu.SampleAppTests;
				PRODUCT_NAME = "$(TARGET_NAME)";
				SWIFT_VERSION = 3.0;
				TEST_HOST = "$(BUILT_PRODUCTS_DIR)/SampleApp.app/SampleApp";
			};
			name = Release;
		};
		C5ED9ACC1ED351FE00AF40C7 /* Debug */ = {
			isa = XCBuildConfiguration;
			baseConfigurationReference = 513D2A3ACA81E6786D76286F /* Pods-SampleAppUITests.debug.xcconfig */;
			buildSettings = {
				ALWAYS_EMBED_SWIFT_STANDARD_LIBRARIES = YES;
				INFOPLIST_FILE = SampleAppUITests/Info.plist;
				LD_RUNPATH_SEARCH_PATHS = "$(inherited) @executable_path/Frameworks @loader_path/Frameworks";
				PRODUCT_BUNDLE_IDENTIFIER = com.fukatsu.SampleAppUITests;
				PRODUCT_NAME = "$(TARGET_NAME)";
				SWIFT_VERSION = 3.0;
				TEST_TARGET_NAME = SampleApp;
			};
			name = Debug;
		};
		C5ED9ACD1ED351FE00AF40C7 /* Release */ = {
			isa = XCBuildConfiguration;
			baseConfigurationReference = 3099B75C2CA1776CE6773BA0 /* Pods-SampleAppUITests.release.xcconfig */;
			buildSettings = {
				ALWAYS_EMBED_SWIFT_STANDARD_LIBRARIES = YES;
				INFOPLIST_FILE = SampleAppUITests/Info.plist;
				LD_RUNPATH_SEARCH_PATHS = "$(inherited) @executable_path/Frameworks @loader_path/Frameworks";
				PRODUCT_BUNDLE_IDENTIFIER = com.fukatsu.SampleAppUITests;
				PRODUCT_NAME = "$(TARGET_NAME)";
				SWIFT_VERSION = 3.0;
				TEST_TARGET_NAME = SampleApp;
			};
			name = Release;
		};
/* End XCBuildConfiguration section */

/* Begin XCConfigurationList section */
		C5ED9A981ED351FE00AF40C7 /* Build configuration list for PBXProject "SampleApp" */ = {
			isa = XCConfigurationList;
			buildConfigurations = (
				C5ED9AC31ED351FE00AF40C7 /* Debug */,
				C5ED9AC41ED351FE00AF40C7 /* Release */,
			);
			defaultConfigurationIsVisible = 0;
			defaultConfigurationName = Release;
		};
		C5ED9AC51ED351FE00AF40C7 /* Build configuration list for PBXNativeTarget "SampleApp" */ = {
			isa = XCConfigurationList;
			buildConfigurations = (
				C5ED9AC61ED351FE00AF40C7 /* Debug */,
				C5ED9AC71ED351FE00AF40C7 /* Release */,
			);
			defaultConfigurationIsVisible = 0;
			defaultConfigurationName = Release;
		};
		C5ED9AC81ED351FE00AF40C7 /* Build configuration list for PBXNativeTarget "SampleAppTests" */ = {
			isa = XCConfigurationList;
			buildConfigurations = (
				C5ED9AC91ED351FE00AF40C7 /* Debug */,
				C5ED9ACA1ED351FE00AF40C7 /* Release */,
			);
			defaultConfigurationIsVisible = 0;
			defaultConfigurationName = Release;
		};
		C5ED9ACB1ED351FE00AF40C7 /* Build configuration list for PBXNativeTarget "SampleAppUITests" */ = {
			isa = XCConfigurationList;
			buildConfigurations = (
				C5ED9ACC1ED351FE00AF40C7 /* Debug */,
				C5ED9ACD1ED351FE00AF40C7 /* Release */,
			);
			defaultConfigurationIsVisible = 0;
			defaultConfigurationName = Release;
		};
/* End XCConfigurationList section */
	};
	rootObject = C5ED9A951ED351FE00AF40C7 /* Project object */;
}
